
Microsoft Visual Studio Solution File, Format Version 12.00
# Visual Studio Version 17
VisualStudioVersion = 17.4.33213.308
MinimumVisualStudioVersion = 10.0.40219.1
Project("{9A19103F-16F7-4668-BE54-9A1E7A4F7556}") = "PortfolioTrackerClient", "PortfolioTrackerClient\PortfolioTrackerClient.csproj", "{BC3A6CA7-320F-4AF8-856C-D6A062F604CD}"
	ProjectSection(ProjectDependencies) = postProject
		{B92EBD45-DAF0-4AD9-8C3D-46938A184BA2} = {B92EBD45-DAF0-4AD9-8C3D-46938A184BA2}
	EndProjectSection
EndProject
Project("{9A19103F-16F7-4668-BE54-9A1E7A4F7556}") = "CompoundInterestCalc", "..\CompoundInterestCalc\CompoundInterestCalc.csproj", "{5DAF2893-8695-4091-85DC-1F8C27B1C5E2}"
EndProject
Project("{2150E333-8FDC-42A3-9474-1A3956D46DE8}") = "Client", "Client", "{DBDC5FD6-A1E2-4AB6-B061-64E7C9D43FA7}"
EndProject
Project("{2150E333-8FDC-42A3-9474-1A3956D46DE8}") = "Server", "Server", "{463A5B3C-F2C7-4343-9B1E-4EE89E34F9DF}"
	ProjectSection(SolutionItems) = preProject
		PortfolioTrackerClient\Program.cs = PortfolioTrackerClient\Program.cs
		PortfolioTrackerClient\README.md = PortfolioTrackerClient\README.md
	EndProjectSection
EndProject
Project("{9A19103F-16F7-4668-BE54-9A1E7A4F7556}") = "PortfolioTrackerServer", "PortfolioTrackerServer\PortfolioTrackerServer.csproj", "{078902D4-F308-4666-A8F0-FB3DAA7F4EB1}"
	ProjectSection(ProjectDependencies) = postProject
		{B92EBD45-DAF0-4AD9-8C3D-46938A184BA2} = {B92EBD45-DAF0-4AD9-8C3D-46938A184BA2}
		{BC3A6CA7-320F-4AF8-856C-D6A062F604CD} = {BC3A6CA7-320F-4AF8-856C-D6A062F604CD}
	EndProjectSection
EndProject
Project("{2150E333-8FDC-42A3-9474-1A3956D46DE8}") = "Shared", "Shared", "{9C1B0C69-89E8-438E-9F26-2CC4047C5154}"
EndProject
Project("{9A19103F-16F7-4668-BE54-9A1E7A4F7556}") = "PortfolioTrackerShared", "PortfolioTrackerShared\PortfolioTrackerShared.csproj", "{B92EBD45-DAF0-4AD9-8C3D-46938A184BA2}"
EndProject
Project("{E53339B2-1760-4266-BCC7-CA923CBCF16C}") = "docker-compose", "docker-compose.dcproj", "{26CA41FC-04B6-4990-B1BE-488363792D01}"
EndProject
Global
	GlobalSection(SolutionConfigurationPlatforms) = preSolution
		Debug|Any CPU = Debug|Any CPU
		Debug|x64 = Debug|x64
		Debug|x86 = Debug|x86
		Release|Any CPU = Release|Any CPU
		Release|x64 = Release|x64
		Release|x86 = Release|x86
	EndGlobalSection
	GlobalSection(ProjectConfigurationPlatforms) = postSolution
		{BC3A6CA7-320F-4AF8-856C-D6A062F604CD}.Debug|Any CPU.ActiveCfg = Debug|Any CPU
		{BC3A6CA7-320F-4AF8-856C-D6A062F604CD}.Debug|Any CPU.Build.0 = Debug|Any CPU
		{BC3A6CA7-320F-4AF8-856C-D6A062F604CD}.Debug|x64.ActiveCfg = Debug|Any CPU
		{BC3A6CA7-320F-4AF8-856C-D6A062F604CD}.Debug|x64.Build.0 = Debug|Any CPU
		{BC3A6CA7-320F-4AF8-856C-D6A062F604CD}.Debug|x86.ActiveCfg = Debug|Any CPU
		{BC3A6CA7-320F-4AF8-856C-D6A062F604CD}.Debug|x86.Build.0 = Debug|Any CPU
		{BC3A6CA7-320F-4AF8-856C-D6A062F604CD}.Release|Any CPU.ActiveCfg = Release|Any CPU
		{BC3A6CA7-320F-4AF8-856C-D6A062F604CD}.Release|Any CPU.Build.0 = Release|Any CPU
		{BC3A6CA7-320F-4AF8-856C-D6A062F604CD}.Release|x64.ActiveCfg = Release|Any CPU
		{BC3A6CA7-320F-4AF8-856C-D6A062F604CD}.Release|x64.Build.0 = Release|Any CPU
		{BC3A6CA7-320F-4AF8-856C-D6A062F604CD}.Release|x86.ActiveCfg = Release|Any CPU
		{BC3A6CA7-320F-4AF8-856C-D6A062F604CD}.Release|x86.Build.0 = Release|Any CPU
		{5DAF2893-8695-4091-85DC-1F8C27B1C5E2}.Debug|Any CPU.ActiveCfg = Debug|Any CPU
		{5DAF2893-8695-4091-85DC-1F8C27B1C5E2}.Debug|Any CPU.Build.0 = Debug|Any CPU
		{5DAF2893-8695-4091-85DC-1F8C27B1C5E2}.Debug|x64.ActiveCfg = Debug|Any CPU
		{5DAF2893-8695-4091-85DC-1F8C27B1C5E2}.Debug|x64.Build.0 = Debug|Any CPU
		{5DAF2893-8695-4091-85DC-1F8C27B1C5E2}.Debug|x86.ActiveCfg = Debug|Any CPU
		{5DAF2893-8695-4091-85DC-1F8C27B1C5E2}.Debug|x86.Build.0 = Debug|Any CPU
		{5DAF2893-8695-4091-85DC-1F8C27B1C5E2}.Release|Any CPU.ActiveCfg = Release|Any CPU
		{5DAF2893-8695-4091-85DC-1F8C27B1C5E2}.Release|Any CPU.Build.0 = Release|Any CPU
		{5DAF2893-8695-4091-85DC-1F8C27B1C5E2}.Release|x64.ActiveCfg = Release|Any CPU
		{5DAF2893-8695-4091-85DC-1F8C27B1C5E2}.Release|x64.Build.0 = Release|Any CPU
		{5DAF2893-8695-4091-85DC-1F8C27B1C5E2}.Release|x86.ActiveCfg = Release|Any CPU
		{5DAF2893-8695-4091-85DC-1F8C27B1C5E2}.Release|x86.Build.0 = Release|Any CPU
		{078902D4-F308-4666-A8F0-FB3DAA7F4EB1}.Debug|Any CPU.ActiveCfg = Debug|Any CPU
		{078902D4-F308-4666-A8F0-FB3DAA7F4EB1}.Debug|Any CPU.Build.0 = Debug|Any CPU
		{078902D4-F308-4666-A8F0-FB3DAA7F4EB1}.Debug|x64.ActiveCfg = Debug|Any CPU
		{078902D4-F308-4666-A8F0-FB3DAA7F4EB1}.Debug|x64.Build.0 = Debug|Any CPU
		{078902D4-F308-4666-A8F0-FB3DAA7F4EB1}.Debug|x86.ActiveCfg = Debug|Any CPU
		{078902D4-F308-4666-A8F0-FB3DAA7F4EB1}.Debug|x86.Build.0 = Debug|Any CPU
		{078902D4-F308-4666-A8F0-FB3DAA7F4EB1}.Release|Any CPU.ActiveCfg = Release|Any CPU
		{078902D4-F308-4666-A8F0-FB3DAA7F4EB1}.Release|Any CPU.Build.0 = Release|Any CPU
		{078902D4-F308-4666-A8F0-FB3DAA7F4EB1}.Release|x64.ActiveCfg = Release|Any CPU
		{078902D4-F308-4666-A8F0-FB3DAA7F4EB1}.Release|x64.Build.0 = Release|Any CPU
		{078902D4-F308-4666-A8F0-FB3DAA7F4EB1}.Release|x86.ActiveCfg = Release|Any CPU
		{078902D4-F308-4666-A8F0-FB3DAA7F4EB1}.Release|x86.Build.0 = Release|Any CPU
		{B92EBD45-DAF0-4AD9-8C3D-46938A184BA2}.Debug|Any CPU.ActiveCfg = Debug|Any CPU
		{B92EBD45-DAF0-4AD9-8C3D-46938A184BA2}.Debug|Any CPU.Build.0 = Debug|Any CPU
		{B92EBD45-DAF0-4AD9-8C3D-46938A184BA2}.Debug|x64.ActiveCfg = Debug|Any CPU
		{B92EBD45-DAF0-4AD9-8C3D-46938A184BA2}.Debug|x64.Build.0 = Debug|Any CPU
		{B92EBD45-DAF0-4AD9-8C3D-46938A184BA2}.Debug|x86.ActiveCfg = Debug|Any CPU
		{B92EBD45-DAF0-4AD9-8C3D-46938A184BA2}.Debug|x86.Build.0 = Debug|Any CPU
		{B92EBD45-DAF0-4AD9-8C3D-46938A184BA2}.Release|Any CPU.ActiveCfg = Release|Any CPU
		{B92EBD45-DAF0-4AD9-8C3D-46938A184BA2}.Release|Any CPU.Build.0 = Release|Any CPU
		{B92EBD45-DAF0-4AD9-8C3D-46938A184BA2}.Release|x64.ActiveCfg = Release|Any CPU
		{B92EBD45-DAF0-4AD9-8C3D-46938A184BA2}.Release|x64.Build.0 = Release|Any CPU
		{B92EBD45-DAF0-4AD9-8C3D-46938A184BA2}.Release|x86.ActiveCfg = Release|Any CPU
		{B92EBD45-DAF0-4AD9-8C3D-46938A184BA2}.Release|x86.Build.0 = Release|Any CPU
		{26CA41FC-04B6-4990-B1BE-488363792D01}.Debug|Any CPU.ActiveCfg = Debug|Any CPU
		{26CA41FC-04B6-4990-B1BE-488363792D01}.Debug|Any CPU.Build.0 = Debug|Any CPU
		{26CA41FC-04B6-4990-B1BE-488363792D01}.Debug|x64.ActiveCfg = Debug|Any CPU
		{26CA41FC-04B6-4990-B1BE-488363792D01}.Debug|x64.Build.0 = Debug|Any CPU
		{26CA41FC-04B6-4990-B1BE-488363792D01}.Debug|x86.ActiveCfg = Debug|Any CPU
		{26CA41FC-04B6-4990-B1BE-488363792D01}.Debug|x86.Build.0 = Debug|Any CPU
		{26CA41FC-04B6-4990-B1BE-488363792D01}.Release|Any CPU.ActiveCfg = Release|Any CPU
		{26CA41FC-04B6-4990-B1BE-488363792D01}.Release|Any CPU.Build.0 = Release|Any CPU
		{26CA41FC-04B6-4990-B1BE-488363792D01}.Release|x64.ActiveCfg = Release|Any CPU
		{26CA41FC-04B6-4990-B1BE-488363792D01}.Release|x64.Build.0 = Release|Any CPU
		{26CA41FC-04B6-4990-B1BE-488363792D01}.Release|x86.ActiveCfg = Release|Any CPU
		{26CA41FC-04B6-4990-B1BE-488363792D01}.Release|x86.Build.0 = Release|Any CPU
	EndGlobalSection
	GlobalSection(SolutionProperties) = preSolution
		HideSolutionNode = FALSE
	EndGlobalSection
	GlobalSection(NestedProjects) = preSolution
		{BC3A6CA7-320F-4AF8-856C-D6A062F604CD} = {DBDC5FD6-A1E2-4AB6-B061-64E7C9D43FA7}
		{5DAF2893-8695-4091-85DC-1F8C27B1C5E2} = {DBDC5FD6-A1E2-4AB6-B061-64E7C9D43FA7}
		{078902D4-F308-4666-A8F0-FB3DAA7F4EB1} = {463A5B3C-F2C7-4343-9B1E-4EE89E34F9DF}
		{B92EBD45-DAF0-4AD9-8C3D-46938A184BA2} = {9C1B0C69-89E8-438E-9F26-2CC4047C5154}
	EndGlobalSection
	GlobalSection(ExtensibilityGlobals) = postSolution
		SolutionGuid = {B3751B4E-0969-4178-B6B5-07C9EB47C3D0}
	EndGlobalSection
EndGlobal
